
Microsoft Visual Studio Solution File, Format Version 12.00
# Visual Studio Version 17
VisualStudioVersion = 17.8.34309.116
MinimumVisualStudioVersion = 10.0.40219.1
Project("{FAE04EC0-301F-11D3-BF4B-00C04F79EFBC}") = "Informacion de asignatura", "Informacion de asignatura.csproj", "{6E60B4A2-C71B-456D-A834-11BA2410162C}"
EndProject
Global
	GlobalSection(SolutionConfigurationPlatforms) = preSolution
		Debug|Any CPU = Debug|Any CPU
		Release|Any CPU = Release|Any CPU
	EndGlobalSection
	GlobalSection(ProjectConfigurationPlatforms) = postSolution
		{6E60B4A2-C71B-456D-A834-11BA2410162C}.Debug|Any CPU.ActiveCfg = Debug|Any CPU
		{6E60B4A2-C71B-456D-A834-11BA2410162C}.Debug|Any CPU.Build.0 = Debug|Any CPU
		{6E60B4A2-C71B-456D-A834-11BA2410162C}.Release|Any CPU.ActiveCfg = Release|Any CPU
		{6E60B4A2-C71B-456D-A834-11BA2410162C}.Release|Any CPU.Build.0 = Release|Any CPU
	EndGlobalSection
	GlobalSection(SolutionProperties) = preSolution
		HideSolutionNode = FALSE
	EndGlobalSection
	GlobalSection(ExtensibilityGlobals) = postSolution
		SolutionGuid = {32622FAC-5A74-42CB-A7D0-2FF40F29FE59}
	EndGlobalSection
EndGlobal
